
Microsoft Visual Studio Solution File, Format Version 12.00
# Visual Studio Version 16
VisualStudioVersion = 16.0.30002.166
MinimumVisualStudioVersion = 10.0.40219.1
Project("{FAE04EC0-301F-11D3-BF4B-00C04F79EFBC}") = "B20_Ex02", "B20_Ex02\B20_Ex02.csproj", "{823765A9-D6C2-4B09-841C-2BA6D91F4679}"
EndProject
Global
	GlobalSection(SolutionConfigurationPlatforms) = preSolution
		Debug|Any CPU = Debug|Any CPU
		Release|Any CPU = Release|Any CPU
	EndGlobalSection
	GlobalSection(ProjectConfigurationPlatforms) = postSolution
		{823765A9-D6C2-4B09-841C-2BA6D91F4679}.Debug|Any CPU.ActiveCfg = Debug|Any CPU
		{823765A9-D6C2-4B09-841C-2BA6D91F4679}.Debug|Any CPU.Build.0 = Debug|Any CPU
		{823765A9-D6C2-4B09-841C-2BA6D91F4679}.Release|Any CPU.ActiveCfg = Release|Any CPU
		{823765A9-D6C2-4B09-841C-2BA6D91F4679}.Release|Any CPU.Build.0 = Release|Any CPU
	EndGlobalSection
	GlobalSection(SolutionProperties) = preSolution
		HideSolutionNode = FALSE
	EndGlobalSection
	GlobalSection(ExtensibilityGlobals) = postSolution
		SolutionGuid = {BA85D46A-255C-47E9-8C9F-05D403EEDB5C}
	EndGlobalSection
EndGlobal
